
Microsoft Visual Studio Solution File, Format Version 12.00
# Visual Studio Version 16
VisualStudioVersion = 16.0.30225.117
MinimumVisualStudioVersion = 10.0.40219.1
Project("{FAE04EC0-301F-11D3-BF4B-00C04F79EFBC}") = "Non-Generic ArrayList", "ListAndDictionaryConsoleApp\Non-Generic ArrayList.csproj", "{69046599-83C8-4CC9-900B-15CD4BF6D6A4}"
EndProject
Project("{FAE04EC0-301F-11D3-BF4B-00C04F79EFBC}") = "Non-Generic HashTable", "Non-Generic HashTable\Non-Generic HashTable.csproj", "{1F83AAAA-E4FF-42C7-9B8B-C3800DA4BA8E}"
EndProject
Project("{FAE04EC0-301F-11D3-BF4B-00C04F79EFBC}") = "Non-Generic SortedList", "Non-Generic SortedList\Non-Generic SortedList.csproj", "{6BAE57E6-A938-4B99-9098-0784F8D9358F}"
EndProject
Project("{FAE04EC0-301F-11D3-BF4B-00C04F79EFBC}") = "Generic List", "Generic List\Generic List.csproj", "{765CD467-1AB4-4D59-816F-BD80B8D92C9D}"
EndProject
Project("{FAE04EC0-301F-11D3-BF4B-00C04F79EFBC}") = "Generic Dictionary", "Generic Dictionary\Generic Dictionary.csproj", "{77FE49BC-64E1-469D-A128-7D47D2089023}"
EndProject
Project("{FAE04EC0-301F-11D3-BF4B-00C04F79EFBC}") = "Generic Stack", "Generic Stack\Generic Stack.csproj", "{4E43AA25-1186-4367-8916-917B2C962C97}"
EndProject
Project("{FAE04EC0-301F-11D3-BF4B-00C04F79EFBC}") = "Generic Queue", "Generic Queue\Generic Queue.csproj", "{68ED4FD1-F724-42F4-BD4A-0BC25ABE2DD6}"
EndProject
Global
	GlobalSection(SolutionConfigurationPlatforms) = preSolution
		Debug|Any CPU = Debug|Any CPU
		Release|Any CPU = Release|Any CPU
	EndGlobalSection
	GlobalSection(ProjectConfigurationPlatforms) = postSolution
		{69046599-83C8-4CC9-900B-15CD4BF6D6A4}.Debug|Any CPU.ActiveCfg = Debug|Any CPU
		{69046599-83C8-4CC9-900B-15CD4BF6D6A4}.Debug|Any CPU.Build.0 = Debug|Any CPU
		{69046599-83C8-4CC9-900B-15CD4BF6D6A4}.Release|Any CPU.ActiveCfg = Release|Any CPU
		{69046599-83C8-4CC9-900B-15CD4BF6D6A4}.Release|Any CPU.Build.0 = Release|Any CPU
		{1F83AAAA-E4FF-42C7-9B8B-C3800DA4BA8E}.Debug|Any CPU.ActiveCfg = Debug|Any CPU
		{1F83AAAA-E4FF-42C7-9B8B-C3800DA4BA8E}.Debug|Any CPU.Build.0 = Debug|Any CPU
		{1F83AAAA-E4FF-42C7-9B8B-C3800DA4BA8E}.Release|Any CPU.ActiveCfg = Release|Any CPU
		{1F83AAAA-E4FF-42C7-9B8B-C3800DA4BA8E}.Release|Any CPU.Build.0 = Release|Any CPU
		{6BAE57E6-A938-4B99-9098-0784F8D9358F}.Debug|Any CPU.ActiveCfg = Debug|Any CPU
		{6BAE57E6-A938-4B99-9098-0784F8D9358F}.Debug|Any CPU.Build.0 = Debug|Any CPU
		{6BAE57E6-A938-4B99-9098-0784F8D9358F}.Release|Any CPU.ActiveCfg = Release|Any CPU
		{6BAE57E6-A938-4B99-9098-0784F8D9358F}.Release|Any CPU.Build.0 = Release|Any CPU
		{765CD467-1AB4-4D59-816F-BD80B8D92C9D}.Debug|Any CPU.ActiveCfg = Debug|Any CPU
		{765CD467-1AB4-4D59-816F-BD80B8D92C9D}.Debug|Any CPU.Build.0 = Debug|Any CPU
		{765CD467-1AB4-4D59-816F-BD80B8D92C9D}.Release|Any CPU.ActiveCfg = Release|Any CPU
		{765CD467-1AB4-4D59-816F-BD80B8D92C9D}.Release|Any CPU.Build.0 = Release|Any CPU
		{77FE49BC-64E1-469D-A128-7D47D2089023}.Debug|Any CPU.ActiveCfg = Debug|Any CPU
		{77FE49BC-64E1-469D-A128-7D47D2089023}.Debug|Any CPU.Build.0 = Debug|Any CPU
		{77FE49BC-64E1-469D-A128-7D47D2089023}.Release|Any CPU.ActiveCfg = Release|Any CPU
		{77FE49BC-64E1-469D-A128-7D47D2089023}.Release|Any CPU.Build.0 = Release|Any CPU
		{4E43AA25-1186-4367-8916-917B2C962C97}.Debug|Any CPU.ActiveCfg = Debug|Any CPU
		{4E43AA25-1186-4367-8916-917B2C962C97}.Debug|Any CPU.Build.0 = Debug|Any CPU
		{4E43AA25-1186-4367-8916-917B2C962C97}.Release|Any CPU.ActiveCfg = Release|Any CPU
		{4E43AA25-1186-4367-8916-917B2C962C97}.Release|Any CPU.Build.0 = Release|Any CPU
		{68ED4FD1-F724-42F4-BD4A-0BC25ABE2DD6}.Debug|Any CPU.ActiveCfg = Debug|Any CPU
		{68ED4FD1-F724-42F4-BD4A-0BC25ABE2DD6}.Debug|Any CPU.Build.0 = Debug|Any CPU
		{68ED4FD1-F724-42F4-BD4A-0BC25ABE2DD6}.Release|Any CPU.ActiveCfg = Release|Any CPU
		{68ED4FD1-F724-42F4-BD4A-0BC25ABE2DD6}.Release|Any CPU.Build.0 = Release|Any CPU
	EndGlobalSection
	GlobalSection(SolutionProperties) = preSolution
		HideSolutionNode = FALSE
	EndGlobalSection
	GlobalSection(ExtensibilityGlobals) = postSolution
		SolutionGuid = {5F5E07AF-08D0-4118-8DF2-AFDC7FB446FD}
	EndGlobalSection
EndGlobal
